
Microsoft Visual Studio Solution File, Format Version 12.00
# Visual Studio Version 17
VisualStudioVersion = 17.8.34316.72
MinimumVisualStudioVersion = 10.0.40219.1
Project("{FAE04EC0-301F-11D3-BF4B-00C04F79EFBC}") = "BeanSceneAngular.Server", "BeanSceneAngular.Server\BeanSceneAngular.Server.csproj", "{6B5116B6-0E24-425C-8F98-A6B79D8943BF}"
EndProject
Project("{54A90642-561A-4BB1-A94E-469ADEE60C69}") = "beansceneangular.client", "beansceneangular.client\beansceneangular.client.esproj", "{2D077558-BE49-4441-9E99-C00AFFDF4DCE}"
EndProject
Global
	GlobalSection(SolutionConfigurationPlatforms) = preSolution
		Debug|Any CPU = Debug|Any CPU
		Release|Any CPU = Release|Any CPU
	EndGlobalSection
	GlobalSection(ProjectConfigurationPlatforms) = postSolution
		{6B5116B6-0E24-425C-8F98-A6B79D8943BF}.Debug|Any CPU.ActiveCfg = Debug|Any CPU
		{6B5116B6-0E24-425C-8F98-A6B79D8943BF}.Debug|Any CPU.Build.0 = Debug|Any CPU
		{6B5116B6-0E24-425C-8F98-A6B79D8943BF}.Release|Any CPU.ActiveCfg = Release|Any CPU
		{6B5116B6-0E24-425C-8F98-A6B79D8943BF}.Release|Any CPU.Build.0 = Release|Any CPU
		{2D077558-BE49-4441-9E99-C00AFFDF4DCE}.Debug|Any CPU.ActiveCfg = Debug|Any CPU
		{2D077558-BE49-4441-9E99-C00AFFDF4DCE}.Debug|Any CPU.Build.0 = Debug|Any CPU
		{2D077558-BE49-4441-9E99-C00AFFDF4DCE}.Debug|Any CPU.Deploy.0 = Debug|Any CPU
		{2D077558-BE49-4441-9E99-C00AFFDF4DCE}.Release|Any CPU.ActiveCfg = Release|Any CPU
		{2D077558-BE49-4441-9E99-C00AFFDF4DCE}.Release|Any CPU.Build.0 = Release|Any CPU
		{2D077558-BE49-4441-9E99-C00AFFDF4DCE}.Release|Any CPU.Deploy.0 = Release|Any CPU
	EndGlobalSection
	GlobalSection(SolutionProperties) = preSolution
		HideSolutionNode = FALSE
	EndGlobalSection
	GlobalSection(ExtensibilityGlobals) = postSolution
		SolutionGuid = {AF72E861-3199-41E4-80C7-0524C7C2C429}
	EndGlobalSection
EndGlobal
